
Microsoft Visual Studio Solution File, Format Version 12.00
# Visual Studio Version 17
VisualStudioVersion = 17.6.33723.286
MinimumVisualStudioVersion = 10.0.40219.1
Project("{FAE04EC0-301F-11D3-BF4B-00C04F79EFBC}") = "SII entrega", "SII entrega\SII entrega.csproj", "{37CDE532-D02E-4982-BDE1-A35AEA1E5106}"
EndProject
Global
	GlobalSection(SolutionConfigurationPlatforms) = preSolution
		Debug|Any CPU = Debug|Any CPU
		Release|Any CPU = Release|Any CPU
	EndGlobalSection
	GlobalSection(ProjectConfigurationPlatforms) = postSolution
		{37CDE532-D02E-4982-BDE1-A35AEA1E5106}.Debug|Any CPU.ActiveCfg = Debug|Any CPU
		{37CDE532-D02E-4982-BDE1-A35AEA1E5106}.Debug|Any CPU.Build.0 = Debug|Any CPU
		{37CDE532-D02E-4982-BDE1-A35AEA1E5106}.Release|Any CPU.ActiveCfg = Release|Any CPU
		{37CDE532-D02E-4982-BDE1-A35AEA1E5106}.Release|Any CPU.Build.0 = Release|Any CPU
	EndGlobalSection
	GlobalSection(SolutionProperties) = preSolution
		HideSolutionNode = FALSE
	EndGlobalSection
	GlobalSection(ExtensibilityGlobals) = postSolution
		SolutionGuid = {2359B50E-1CF4-4F0A-821A-FA83B16BE90D}
	EndGlobalSection
EndGlobal
